
Microsoft Visual Studio Solution File, Format Version 12.00
# Visual Studio Version 17
VisualStudioVersion = 17.8.34408.163
MinimumVisualStudioVersion = 10.0.40219.1
Project("{8BC9CEB8-8B4A-11D0-8D11-00A0C91BC942}") = "Project2", "Project2.vcxproj", "{FA169CDA-4EA7-44AD-A386-C1892A47690B}"
EndProject
Global
	GlobalSection(SolutionConfigurationPlatforms) = preSolution
		Debug|x64 = Debug|x64
		Debug|x86 = Debug|x86
		Release|x64 = Release|x64
		Release|x86 = Release|x86
	EndGlobalSection
	GlobalSection(ProjectConfigurationPlatforms) = postSolution
		{FA169CDA-4EA7-44AD-A386-C1892A47690B}.Debug|x64.ActiveCfg = Debug|x64
		{FA169CDA-4EA7-44AD-A386-C1892A47690B}.Debug|x64.Build.0 = Debug|x64
		{FA169CDA-4EA7-44AD-A386-C1892A47690B}.Debug|x86.ActiveCfg = Debug|Win32
		{FA169CDA-4EA7-44AD-A386-C1892A47690B}.Debug|x86.Build.0 = Debug|Win32
		{FA169CDA-4EA7-44AD-A386-C1892A47690B}.Release|x64.ActiveCfg = Release|x64
		{FA169CDA-4EA7-44AD-A386-C1892A47690B}.Release|x64.Build.0 = Release|x64
		{FA169CDA-4EA7-44AD-A386-C1892A47690B}.Release|x86.ActiveCfg = Release|Win32
		{FA169CDA-4EA7-44AD-A386-C1892A47690B}.Release|x86.Build.0 = Release|Win32
	EndGlobalSection
	GlobalSection(SolutionProperties) = preSolution
		HideSolutionNode = FALSE
	EndGlobalSection
	GlobalSection(ExtensibilityGlobals) = postSolution
		SolutionGuid = {287AD855-A714-49EB-857E-8CE7117C258C}
	EndGlobalSection
EndGlobal
